
Microsoft Visual Studio Solution File, Format Version 12.00
# Visual Studio Version 17
VisualStudioVersion = 17.0.31903.59
MinimumVisualStudioVersion = 10.0.40219.1
Project("{FAE04EC0-301F-11D3-BF4B-00C04F79EFBC}") = "SmoothOperator", "SmoothOperator\SmoothOperator.csproj", "{35931D75-8E55-4FB2-95F2-BD51A8B89820}"
EndProject
Project("{FAE04EC0-301F-11D3-BF4B-00C04F79EFBC}") = "Cilindro", "Cilindro\Cilindro.csproj", "{7D749773-5B82-4D8E-8157-A06AA22714D0}"
EndProject
Project("{FAE04EC0-301F-11D3-BF4B-00C04F79EFBC}") = "ValoresEspeciais", "ValoresEspeciais\ValoresEspeciais.csproj", "{79105B54-75EC-4980-99A6-A6AB7A1A1C68}"
EndProject
Project("{FAE04EC0-301F-11D3-BF4B-00C04F79EFBC}") = "ChatGPTZero", "ChatGPTZero\ChatGPTZero.csproj", "{1325AA92-F1B0-42D8-B665-0FBDC8963AA5}"
EndProject
Project("{FAE04EC0-301F-11D3-BF4B-00C04F79EFBC}") = "BreakContinue", "BreakContinue\BreakContinue.csproj", "{2F184067-AFA4-4CEC-8BFC-C9D773DC8482}"
EndProject
Project("{FAE04EC0-301F-11D3-BF4B-00C04F79EFBC}") = "ChatGPTOne", "ChatGPTOne\ChatGPTOne.csproj", "{2D2545FB-0809-4061-BB52-A638B0EC7D54}"
EndProject
Project("{FAE04EC0-301F-11D3-BF4B-00C04F79EFBC}") = "MasterAndPlayer", "MasterAndPlayer\MasterAndPlayer.csproj", "{93D369F9-40DE-40F1-854E-6D75899A4C87}"
EndProject
Global
	GlobalSection(SolutionConfigurationPlatforms) = preSolution
		Debug|Any CPU = Debug|Any CPU
		Release|Any CPU = Release|Any CPU
	EndGlobalSection
	GlobalSection(SolutionProperties) = preSolution
		HideSolutionNode = FALSE
	EndGlobalSection
	GlobalSection(ProjectConfigurationPlatforms) = postSolution
		{35931D75-8E55-4FB2-95F2-BD51A8B89820}.Debug|Any CPU.ActiveCfg = Debug|Any CPU
		{35931D75-8E55-4FB2-95F2-BD51A8B89820}.Debug|Any CPU.Build.0 = Debug|Any CPU
		{35931D75-8E55-4FB2-95F2-BD51A8B89820}.Release|Any CPU.ActiveCfg = Release|Any CPU
		{35931D75-8E55-4FB2-95F2-BD51A8B89820}.Release|Any CPU.Build.0 = Release|Any CPU
		{7D749773-5B82-4D8E-8157-A06AA22714D0}.Debug|Any CPU.ActiveCfg = Debug|Any CPU
		{7D749773-5B82-4D8E-8157-A06AA22714D0}.Debug|Any CPU.Build.0 = Debug|Any CPU
		{7D749773-5B82-4D8E-8157-A06AA22714D0}.Release|Any CPU.ActiveCfg = Release|Any CPU
		{7D749773-5B82-4D8E-8157-A06AA22714D0}.Release|Any CPU.Build.0 = Release|Any CPU
		{79105B54-75EC-4980-99A6-A6AB7A1A1C68}.Debug|Any CPU.ActiveCfg = Debug|Any CPU
		{79105B54-75EC-4980-99A6-A6AB7A1A1C68}.Debug|Any CPU.Build.0 = Debug|Any CPU
		{79105B54-75EC-4980-99A6-A6AB7A1A1C68}.Release|Any CPU.ActiveCfg = Release|Any CPU
		{79105B54-75EC-4980-99A6-A6AB7A1A1C68}.Release|Any CPU.Build.0 = Release|Any CPU
		{1325AA92-F1B0-42D8-B665-0FBDC8963AA5}.Debug|Any CPU.ActiveCfg = Debug|Any CPU
		{1325AA92-F1B0-42D8-B665-0FBDC8963AA5}.Debug|Any CPU.Build.0 = Debug|Any CPU
		{1325AA92-F1B0-42D8-B665-0FBDC8963AA5}.Release|Any CPU.ActiveCfg = Release|Any CPU
		{1325AA92-F1B0-42D8-B665-0FBDC8963AA5}.Release|Any CPU.Build.0 = Release|Any CPU
		{2F184067-AFA4-4CEC-8BFC-C9D773DC8482}.Debug|Any CPU.ActiveCfg = Debug|Any CPU
		{2F184067-AFA4-4CEC-8BFC-C9D773DC8482}.Debug|Any CPU.Build.0 = Debug|Any CPU
		{2F184067-AFA4-4CEC-8BFC-C9D773DC8482}.Release|Any CPU.ActiveCfg = Release|Any CPU
		{2F184067-AFA4-4CEC-8BFC-C9D773DC8482}.Release|Any CPU.Build.0 = Release|Any CPU
		{2D2545FB-0809-4061-BB52-A638B0EC7D54}.Debug|Any CPU.ActiveCfg = Debug|Any CPU
		{2D2545FB-0809-4061-BB52-A638B0EC7D54}.Debug|Any CPU.Build.0 = Debug|Any CPU
		{2D2545FB-0809-4061-BB52-A638B0EC7D54}.Release|Any CPU.ActiveCfg = Release|Any CPU
		{2D2545FB-0809-4061-BB52-A638B0EC7D54}.Release|Any CPU.Build.0 = Release|Any CPU
		{93D369F9-40DE-40F1-854E-6D75899A4C87}.Debug|Any CPU.ActiveCfg = Debug|Any CPU
		{93D369F9-40DE-40F1-854E-6D75899A4C87}.Debug|Any CPU.Build.0 = Debug|Any CPU
		{93D369F9-40DE-40F1-854E-6D75899A4C87}.Release|Any CPU.ActiveCfg = Release|Any CPU
		{93D369F9-40DE-40F1-854E-6D75899A4C87}.Release|Any CPU.Build.0 = Release|Any CPU
	EndGlobalSection
EndGlobal
